
Microsoft Visual Studio Solution File, Format Version 12.00
# Visual Studio 15
VisualStudioVersion = 15.0.27428.2015
MinimumVisualStudioVersion = 10.0.40219.1
Project("{8BC9CEB8-8B4A-11D0-8D11-00A0C91BC942}") = "function test", "function test\function test.vcxproj", "{A00AE12E-F555-4C99-B9F4-B80872108595}"
EndProject
Global
	GlobalSection(SolutionConfigurationPlatforms) = preSolution
		Debug|x64 = Debug|x64
		Debug|x86 = Debug|x86
		Release|x64 = Release|x64
		Release|x86 = Release|x86
	EndGlobalSection
	GlobalSection(ProjectConfigurationPlatforms) = postSolution
		{A00AE12E-F555-4C99-B9F4-B80872108595}.Debug|x64.ActiveCfg = Debug|x64
		{A00AE12E-F555-4C99-B9F4-B80872108595}.Debug|x64.Build.0 = Debug|x64
		{A00AE12E-F555-4C99-B9F4-B80872108595}.Debug|x86.ActiveCfg = Debug|Win32
		{A00AE12E-F555-4C99-B9F4-B80872108595}.Debug|x86.Build.0 = Debug|Win32
		{A00AE12E-F555-4C99-B9F4-B80872108595}.Release|x64.ActiveCfg = Release|x64
		{A00AE12E-F555-4C99-B9F4-B80872108595}.Release|x64.Build.0 = Release|x64
		{A00AE12E-F555-4C99-B9F4-B80872108595}.Release|x86.ActiveCfg = Release|Win32
		{A00AE12E-F555-4C99-B9F4-B80872108595}.Release|x86.Build.0 = Release|Win32
	EndGlobalSection
	GlobalSection(SolutionProperties) = preSolution
		HideSolutionNode = FALSE
	EndGlobalSection
	GlobalSection(ExtensibilityGlobals) = postSolution
		SolutionGuid = {B970D60C-F224-4E5E-966D-B35E4C954E42}
	EndGlobalSection
EndGlobal
